
Microsoft Visual Studio Solution File, Format Version 12.00
# Visual Studio Version 16
VisualStudioVersion = 16.0.31410.357
MinimumVisualStudioVersion = 10.0.40219.1
Project("{FAE04EC0-301F-11D3-BF4B-00C04F79EFBC}") = "GradeBook", "GradeBook.csproj", "{412A1915-F527-44EB-8558-E221C1E7A422}"
EndProject
Global
	GlobalSection(SolutionConfigurationPlatforms) = preSolution
		Debug|Any CPU = Debug|Any CPU
		Release|Any CPU = Release|Any CPU
	EndGlobalSection
	GlobalSection(ProjectConfigurationPlatforms) = postSolution
		{412A1915-F527-44EB-8558-E221C1E7A422}.Debug|Any CPU.ActiveCfg = Debug|Any CPU
		{412A1915-F527-44EB-8558-E221C1E7A422}.Debug|Any CPU.Build.0 = Debug|Any CPU
		{412A1915-F527-44EB-8558-E221C1E7A422}.Release|Any CPU.ActiveCfg = Release|Any CPU
		{412A1915-F527-44EB-8558-E221C1E7A422}.Release|Any CPU.Build.0 = Release|Any CPU
	EndGlobalSection
	GlobalSection(SolutionProperties) = preSolution
		HideSolutionNode = FALSE
	EndGlobalSection
	GlobalSection(ExtensibilityGlobals) = postSolution
		SolutionGuid = {09C029D1-5AF8-4887-B4B8-BB8DCA85FE8D}
	EndGlobalSection
EndGlobal
