
Microsoft Visual Studio Solution File, Format Version 12.00
# Visual Studio Version 16
VisualStudioVersion = 16.0.30611.23
MinimumVisualStudioVersion = 10.0.40219.1
Project("{FAE04EC0-301F-11D3-BF4B-00C04F79EFBC}") = "U5GE_GasMilage", "U5GE_GasMilage\U5GE_GasMilage.csproj", "{EC25B613-AB2A-4E3D-BC6E-721AD9338FCA}"
EndProject
Global
	GlobalSection(SolutionConfigurationPlatforms) = preSolution
		Debug|Any CPU = Debug|Any CPU
		Release|Any CPU = Release|Any CPU
	EndGlobalSection
	GlobalSection(ProjectConfigurationPlatforms) = postSolution
		{EC25B613-AB2A-4E3D-BC6E-721AD9338FCA}.Debug|Any CPU.ActiveCfg = Debug|Any CPU
		{EC25B613-AB2A-4E3D-BC6E-721AD9338FCA}.Debug|Any CPU.Build.0 = Debug|Any CPU
		{EC25B613-AB2A-4E3D-BC6E-721AD9338FCA}.Release|Any CPU.ActiveCfg = Release|Any CPU
		{EC25B613-AB2A-4E3D-BC6E-721AD9338FCA}.Release|Any CPU.Build.0 = Release|Any CPU
	EndGlobalSection
	GlobalSection(SolutionProperties) = preSolution
		HideSolutionNode = FALSE
	EndGlobalSection
	GlobalSection(ExtensibilityGlobals) = postSolution
		SolutionGuid = {F998EE9C-DD9C-45B4-9C26-64725E3DEA77}
	EndGlobalSection
EndGlobal
