
Microsoft Visual Studio Solution File, Format Version 12.00
# Visual Studio Version 16
VisualStudioVersion = 16.0.31321.278
MinimumVisualStudioVersion = 10.0.40219.1
Project("{FAE04EC0-301F-11D3-BF4B-00C04F79EFBC}") = "5.5 Performance Assessment", "5.5 Performance Assessment.csproj", "{98C35541-1FA3-4B69-A7DF-2353F0035C3E}"
EndProject
Global
	GlobalSection(SolutionConfigurationPlatforms) = preSolution
		Debug|Any CPU = Debug|Any CPU
		Release|Any CPU = Release|Any CPU
	EndGlobalSection
	GlobalSection(ProjectConfigurationPlatforms) = postSolution
		{98C35541-1FA3-4B69-A7DF-2353F0035C3E}.Debug|Any CPU.ActiveCfg = Debug|Any CPU
		{98C35541-1FA3-4B69-A7DF-2353F0035C3E}.Debug|Any CPU.Build.0 = Debug|Any CPU
		{98C35541-1FA3-4B69-A7DF-2353F0035C3E}.Release|Any CPU.ActiveCfg = Release|Any CPU
		{98C35541-1FA3-4B69-A7DF-2353F0035C3E}.Release|Any CPU.Build.0 = Release|Any CPU
	EndGlobalSection
	GlobalSection(SolutionProperties) = preSolution
		HideSolutionNode = FALSE
	EndGlobalSection
	GlobalSection(ExtensibilityGlobals) = postSolution
		SolutionGuid = {9ACA3433-01CE-4373-BCE2-64505F168BA5}
	EndGlobalSection
EndGlobal
